
Microsoft Visual Studio Solution File, Format Version 12.00
# Visual Studio 15
VisualStudioVersion = 15.0.28010.2019
MinimumVisualStudioVersion = 10.0.40219.1
Project("{9A19103F-16F7-4668-BE54-9A1E7A4F7556}") = "KCASM_AppWeb", "KCASM_AppWeb\KCASM_AppWeb.csproj", "{BC5D4471-5C9E-49CA-B957-4D950847B3FB}"
EndProject
Global
	GlobalSection(SolutionConfigurationPlatforms) = preSolution
		Debug|Any CPU = Debug|Any CPU
		Release|Any CPU = Release|Any CPU
	EndGlobalSection
	GlobalSection(ProjectConfigurationPlatforms) = postSolution
		{BC5D4471-5C9E-49CA-B957-4D950847B3FB}.Debug|Any CPU.ActiveCfg = Debug|Any CPU
		{BC5D4471-5C9E-49CA-B957-4D950847B3FB}.Debug|Any CPU.Build.0 = Debug|Any CPU
		{BC5D4471-5C9E-49CA-B957-4D950847B3FB}.Release|Any CPU.ActiveCfg = Release|Any CPU
		{BC5D4471-5C9E-49CA-B957-4D950847B3FB}.Release|Any CPU.Build.0 = Release|Any CPU
	EndGlobalSection
	GlobalSection(SolutionProperties) = preSolution
		HideSolutionNode = FALSE
	EndGlobalSection
	GlobalSection(ExtensibilityGlobals) = postSolution
		SolutionGuid = {75C3989C-C62F-489E-BF09-9634F19CCCF3}
	EndGlobalSection
EndGlobal
